
Microsoft Visual Studio Solution File, Format Version 12.00
# Visual Studio Version 16
VisualStudioVersion = 16.0.31624.102
MinimumVisualStudioVersion = 10.0.40219.1
Project("{9A19103F-16F7-4668-BE54-9A1E7A4F7556}") = "SteamInventoryManager", "SteamInventoryManager\SteamInventoryManager.csproj", "{5F9BAC82-71DD-4896-B21F-D9CAC25B64D2}"
EndProject
Project("{FAE04EC0-301F-11D3-BF4B-00C04F79EFBC}") = "SteamInventoryManager.Console", "SteamInventoryManager.Console\SteamInventoryManager.Console.csproj", "{2CDAEE8D-87DA-43E9-92AB-4874E1D74B4B}"
EndProject
Project("{FAE04EC0-301F-11D3-BF4B-00C04F79EFBC}") = "SteamInventoryManager.Common", "SteamInventoryManager.Common\SteamInventoryManager.Common.csproj", "{AAF518DF-D5AF-439E-9595-79A9C30C295E}"
EndProject
Global
	GlobalSection(SolutionConfigurationPlatforms) = preSolution
		Debug|Any CPU = Debug|Any CPU
		Release|Any CPU = Release|Any CPU
	EndGlobalSection
	GlobalSection(ProjectConfigurationPlatforms) = postSolution
		{5F9BAC82-71DD-4896-B21F-D9CAC25B64D2}.Debug|Any CPU.ActiveCfg = Debug|Any CPU
		{5F9BAC82-71DD-4896-B21F-D9CAC25B64D2}.Debug|Any CPU.Build.0 = Debug|Any CPU
		{5F9BAC82-71DD-4896-B21F-D9CAC25B64D2}.Release|Any CPU.ActiveCfg = Release|Any CPU
		{5F9BAC82-71DD-4896-B21F-D9CAC25B64D2}.Release|Any CPU.Build.0 = Release|Any CPU
		{2CDAEE8D-87DA-43E9-92AB-4874E1D74B4B}.Debug|Any CPU.ActiveCfg = Debug|Any CPU
		{2CDAEE8D-87DA-43E9-92AB-4874E1D74B4B}.Debug|Any CPU.Build.0 = Debug|Any CPU
		{2CDAEE8D-87DA-43E9-92AB-4874E1D74B4B}.Release|Any CPU.ActiveCfg = Release|Any CPU
		{2CDAEE8D-87DA-43E9-92AB-4874E1D74B4B}.Release|Any CPU.Build.0 = Release|Any CPU
		{AAF518DF-D5AF-439E-9595-79A9C30C295E}.Debug|Any CPU.ActiveCfg = Debug|Any CPU
		{AAF518DF-D5AF-439E-9595-79A9C30C295E}.Debug|Any CPU.Build.0 = Debug|Any CPU
		{AAF518DF-D5AF-439E-9595-79A9C30C295E}.Release|Any CPU.ActiveCfg = Release|Any CPU
		{AAF518DF-D5AF-439E-9595-79A9C30C295E}.Release|Any CPU.Build.0 = Release|Any CPU
	EndGlobalSection
	GlobalSection(SolutionProperties) = preSolution
		HideSolutionNode = FALSE
	EndGlobalSection
	GlobalSection(ExtensibilityGlobals) = postSolution
		SolutionGuid = {54A10531-7485-47D5-8A0D-B3C460C726B6}
	EndGlobalSection
EndGlobal
